
Microsoft Visual Studio Solution File, Format Version 12.00
# Visual Studio Version 17
VisualStudioVersion = 17.8.34511.84
MinimumVisualStudioVersion = 10.0.40219.1
Project("{9A19103F-16F7-4668-BE54-9A1E7A4F7556}") = "MyToDo", "MyToDo\MyToDo.csproj", "{6180D87F-32EE-4217-B6AA-1A14356CA300}"
EndProject
Project("{9A19103F-16F7-4668-BE54-9A1E7A4F7556}") = "MyToDo.Api", "MyToDo.Api\MyToDo.Api.csproj", "{89F2EBD3-1259-4B87-BCC7-8091DDC38B1E}"
EndProject
Project("{FAE04EC0-301F-11D3-BF4B-00C04F79EFBC}") = "MyToDo.share", "MyToDo.share\MyToDo.share.csproj", "{58AEA475-9B9C-4DB0-BBDF-D104E7C72D14}"
EndProject
Global
	GlobalSection(SolutionConfigurationPlatforms) = preSolution
		Debug|Any CPU = Debug|Any CPU
		Release|Any CPU = Release|Any CPU
	EndGlobalSection
	GlobalSection(ProjectConfigurationPlatforms) = postSolution
		{6180D87F-32EE-4217-B6AA-1A14356CA300}.Debug|Any CPU.ActiveCfg = Debug|Any CPU
		{6180D87F-32EE-4217-B6AA-1A14356CA300}.Debug|Any CPU.Build.0 = Debug|Any CPU
		{6180D87F-32EE-4217-B6AA-1A14356CA300}.Release|Any CPU.ActiveCfg = Release|Any CPU
		{6180D87F-32EE-4217-B6AA-1A14356CA300}.Release|Any CPU.Build.0 = Release|Any CPU
		{89F2EBD3-1259-4B87-BCC7-8091DDC38B1E}.Debug|Any CPU.ActiveCfg = Debug|Any CPU
		{89F2EBD3-1259-4B87-BCC7-8091DDC38B1E}.Debug|Any CPU.Build.0 = Debug|Any CPU
		{89F2EBD3-1259-4B87-BCC7-8091DDC38B1E}.Release|Any CPU.ActiveCfg = Release|Any CPU
		{89F2EBD3-1259-4B87-BCC7-8091DDC38B1E}.Release|Any CPU.Build.0 = Release|Any CPU
		{58AEA475-9B9C-4DB0-BBDF-D104E7C72D14}.Debug|Any CPU.ActiveCfg = Debug|Any CPU
		{58AEA475-9B9C-4DB0-BBDF-D104E7C72D14}.Debug|Any CPU.Build.0 = Debug|Any CPU
		{58AEA475-9B9C-4DB0-BBDF-D104E7C72D14}.Release|Any CPU.ActiveCfg = Release|Any CPU
		{58AEA475-9B9C-4DB0-BBDF-D104E7C72D14}.Release|Any CPU.Build.0 = Release|Any CPU
	EndGlobalSection
	GlobalSection(SolutionProperties) = preSolution
		HideSolutionNode = FALSE
	EndGlobalSection
	GlobalSection(ExtensibilityGlobals) = postSolution
		SolutionGuid = {2F708C08-1A6E-4FC9-95B6-0468B609B4C7}
	EndGlobalSection
EndGlobal
